
Microsoft Visual Studio Solution File, Format Version 12.00
# Visual Studio Version 17
VisualStudioVersion = 17.1.32210.238
MinimumVisualStudioVersion = 10.0.40219.1
Project("{9A19103F-16F7-4668-BE54-9A1E7A4F7556}") = "BlazorApp.Wasm", "BlazorApp.Wasm.csproj", "{89BAD23F-B4C9-4412-BCC7-96E5E1B44B48}"
EndProject
Global
	GlobalSection(SolutionConfigurationPlatforms) = preSolution
		Debug|Any CPU = Debug|Any CPU
		Release|Any CPU = Release|Any CPU
	EndGlobalSection
	GlobalSection(ProjectConfigurationPlatforms) = postSolution
		{89BAD23F-B4C9-4412-BCC7-96E5E1B44B48}.Debug|Any CPU.ActiveCfg = Debug|Any CPU
		{89BAD23F-B4C9-4412-BCC7-96E5E1B44B48}.Debug|Any CPU.Build.0 = Debug|Any CPU
		{89BAD23F-B4C9-4412-BCC7-96E5E1B44B48}.Release|Any CPU.ActiveCfg = Release|Any CPU
		{89BAD23F-B4C9-4412-BCC7-96E5E1B44B48}.Release|Any CPU.Build.0 = Release|Any CPU
	EndGlobalSection
	GlobalSection(SolutionProperties) = preSolution
		HideSolutionNode = FALSE
	EndGlobalSection
	GlobalSection(ExtensibilityGlobals) = postSolution
		SolutionGuid = {F0F1398B-6510-43EF-92C9-8B041952B2A8}
	EndGlobalSection
EndGlobal
